
Microsoft Visual Studio Solution File, Format Version 12.00
# Visual Studio Version 16
VisualStudioVersion = 16.0.31729.503
MinimumVisualStudioVersion = 10.0.40219.1
Project("{9A19103F-16F7-4668-BE54-9A1E7A4F7556}") = "starTEDSystem", "starTEDSystem\starTEDSystem.csproj", "{29189153-2ADD-4B9B-9B71-F234083C09AC}"
EndProject
Project("{FAE04EC0-301F-11D3-BF4B-00C04F79EFBC}") = "WebApp", "WebApp\WebApp.csproj", "{98CDBDC5-F731-43D8-A0FB-745F195927E2}"
EndProject
Global
	GlobalSection(SolutionConfigurationPlatforms) = preSolution
		Debug|Any CPU = Debug|Any CPU
		Release|Any CPU = Release|Any CPU
	EndGlobalSection
	GlobalSection(ProjectConfigurationPlatforms) = postSolution
		{29189153-2ADD-4B9B-9B71-F234083C09AC}.Debug|Any CPU.ActiveCfg = Debug|Any CPU
		{29189153-2ADD-4B9B-9B71-F234083C09AC}.Debug|Any CPU.Build.0 = Debug|Any CPU
		{29189153-2ADD-4B9B-9B71-F234083C09AC}.Release|Any CPU.ActiveCfg = Release|Any CPU
		{29189153-2ADD-4B9B-9B71-F234083C09AC}.Release|Any CPU.Build.0 = Release|Any CPU
		{98CDBDC5-F731-43D8-A0FB-745F195927E2}.Debug|Any CPU.ActiveCfg = Debug|Any CPU
		{98CDBDC5-F731-43D8-A0FB-745F195927E2}.Debug|Any CPU.Build.0 = Debug|Any CPU
		{98CDBDC5-F731-43D8-A0FB-745F195927E2}.Release|Any CPU.ActiveCfg = Release|Any CPU
		{98CDBDC5-F731-43D8-A0FB-745F195927E2}.Release|Any CPU.Build.0 = Release|Any CPU
	EndGlobalSection
	GlobalSection(SolutionProperties) = preSolution
		HideSolutionNode = FALSE
	EndGlobalSection
	GlobalSection(ExtensibilityGlobals) = postSolution
		SolutionGuid = {B61C981C-F00C-4D03-980D-3E9F02365C29}
	EndGlobalSection
EndGlobal
